
Microsoft Visual Studio Solution File, Format Version 12.00
# Visual Studio 14
VisualStudioVersion = 14.0.25420.1
MinimumVisualStudioVersion = 10.0.40219.1
Project("{FAE04EC0-301F-11D3-BF4B-00C04F79EFBC}") = "AngularJsDemo", "AngularJsDemo\AngularJsDemo.csproj", "{C048AF0E-E12D-4B43-BFBC-A1B10F69380E}"
EndProject
Global
	GlobalSection(SolutionConfigurationPlatforms) = preSolution
		Debug|Any CPU = Debug|Any CPU
		Release|Any CPU = Release|Any CPU
	EndGlobalSection
	GlobalSection(ProjectConfigurationPlatforms) = postSolution
		{C048AF0E-E12D-4B43-BFBC-A1B10F69380E}.Debug|Any CPU.ActiveCfg = Debug|Any CPU
		{C048AF0E-E12D-4B43-BFBC-A1B10F69380E}.Debug|Any CPU.Build.0 = Debug|Any CPU
		{C048AF0E-E12D-4B43-BFBC-A1B10F69380E}.Release|Any CPU.ActiveCfg = Release|Any CPU
		{C048AF0E-E12D-4B43-BFBC-A1B10F69380E}.Release|Any CPU.Build.0 = Release|Any CPU
	EndGlobalSection
	GlobalSection(SolutionProperties) = preSolution
		HideSolutionNode = FALSE
	EndGlobalSection
EndGlobal
